
Microsoft Visual Studio Solution File, Format Version 12.00
# Visual Studio Version 17
VisualStudioVersion = 17.5.002.0
MinimumVisualStudioVersion = 10.0.40219.1
Project("{9A19103F-16F7-4668-BE54-9A1E7A4F7556}") = "RelativeNeighborhoodGraph", "RelativeNeighborhoodGraph.csproj", "{535B87F9-9E43-415B-88A4-6716F8A82913}"
EndProject
Global
	GlobalSection(SolutionConfigurationPlatforms) = preSolution
		Debug|Any CPU = Debug|Any CPU
		Release|Any CPU = Release|Any CPU
	EndGlobalSection
	GlobalSection(ProjectConfigurationPlatforms) = postSolution
		{535B87F9-9E43-415B-88A4-6716F8A82913}.Debug|Any CPU.ActiveCfg = Debug|Any CPU
		{535B87F9-9E43-415B-88A4-6716F8A82913}.Debug|Any CPU.Build.0 = Debug|Any CPU
		{535B87F9-9E43-415B-88A4-6716F8A82913}.Release|Any CPU.ActiveCfg = Release|Any CPU
		{535B87F9-9E43-415B-88A4-6716F8A82913}.Release|Any CPU.Build.0 = Release|Any CPU
	EndGlobalSection
	GlobalSection(SolutionProperties) = preSolution
		HideSolutionNode = FALSE
	EndGlobalSection
	GlobalSection(ExtensibilityGlobals) = postSolution
		SolutionGuid = {A514341D-6A05-4BA9-B8C0-E555F760691B}
	EndGlobalSection
EndGlobal
